
Microsoft Visual Studio Solution File, Format Version 12.00
# Visual Studio Version 17
VisualStudioVersion = 17.1.32210.238
MinimumVisualStudioVersion = 10.0.40219.1
Project("{9A19103F-16F7-4668-BE54-9A1E7A4F7556}") = "LCWaikiki_Bootcamp_Week_1_Homework", "LCWaikiki_Bootcamp_Week_1_Homework\LCWaikiki_Bootcamp_Week_1_Homework.csproj", "{C126E04B-57D6-4CD1-AF68-B2130FAC8BDF}"
EndProject
Project("{9A19103F-16F7-4668-BE54-9A1E7A4F7556}") = "LCWaikiki_Bootcamp_Week_2_Homework", "LCWaikiki_Bootcamp_Week_2_Homework\LCWaikiki_Bootcamp_Week_2_Homework.csproj", "{7AEA55C8-3DB3-434D-BDCE-3C34052DE41D}"
EndProject
Project("{00D1A9C2-B5F0-4AF3-8072-F6C62B433612}") = "LC_WAIKIKI_Bootcamp_Week_3__Homework_Database", "LC_WAIKIKI_DATABASE\LC_WAIKIKI_Bootcamp_Week_3__Homework_Database.sqlproj", "{CBCCDF7C-BC9E-49BF-B3DA-13E7B029FB35}"
EndProject
Global
	GlobalSection(SolutionConfigurationPlatforms) = preSolution
		Debug|Any CPU = Debug|Any CPU
		Release|Any CPU = Release|Any CPU
	EndGlobalSection
	GlobalSection(ProjectConfigurationPlatforms) = postSolution
		{C126E04B-57D6-4CD1-AF68-B2130FAC8BDF}.Debug|Any CPU.ActiveCfg = Debug|Any CPU
		{C126E04B-57D6-4CD1-AF68-B2130FAC8BDF}.Debug|Any CPU.Build.0 = Debug|Any CPU
		{C126E04B-57D6-4CD1-AF68-B2130FAC8BDF}.Release|Any CPU.ActiveCfg = Release|Any CPU
		{C126E04B-57D6-4CD1-AF68-B2130FAC8BDF}.Release|Any CPU.Build.0 = Release|Any CPU
		{7AEA55C8-3DB3-434D-BDCE-3C34052DE41D}.Debug|Any CPU.ActiveCfg = Debug|Any CPU
		{7AEA55C8-3DB3-434D-BDCE-3C34052DE41D}.Debug|Any CPU.Build.0 = Debug|Any CPU
		{7AEA55C8-3DB3-434D-BDCE-3C34052DE41D}.Release|Any CPU.ActiveCfg = Release|Any CPU
		{7AEA55C8-3DB3-434D-BDCE-3C34052DE41D}.Release|Any CPU.Build.0 = Release|Any CPU
		{CBCCDF7C-BC9E-49BF-B3DA-13E7B029FB35}.Debug|Any CPU.ActiveCfg = Debug|Any CPU
		{CBCCDF7C-BC9E-49BF-B3DA-13E7B029FB35}.Debug|Any CPU.Build.0 = Debug|Any CPU
		{CBCCDF7C-BC9E-49BF-B3DA-13E7B029FB35}.Debug|Any CPU.Deploy.0 = Debug|Any CPU
		{CBCCDF7C-BC9E-49BF-B3DA-13E7B029FB35}.Release|Any CPU.ActiveCfg = Release|Any CPU
		{CBCCDF7C-BC9E-49BF-B3DA-13E7B029FB35}.Release|Any CPU.Build.0 = Release|Any CPU
		{CBCCDF7C-BC9E-49BF-B3DA-13E7B029FB35}.Release|Any CPU.Deploy.0 = Release|Any CPU
	EndGlobalSection
	GlobalSection(SolutionProperties) = preSolution
		HideSolutionNode = FALSE
	EndGlobalSection
	GlobalSection(ExtensibilityGlobals) = postSolution
		SolutionGuid = {D0E65425-EF34-4CD6-A4C9-84158D355D24}
	EndGlobalSection
EndGlobal
